Microsoft Visual Studio Solution File, Format Version 11.00
# Visual Studio 2008

Project("{56E27CD3-A426-4876-6824-FAF44606110E}") = "Definetly not game about crafting", "Assembly-CSharp.csproj", "{42FF9C3B-161B-ECE4-5690-8F2C9561EFB1}"
EndProject
Global
	GlobalSection(SolutionConfigurationPlatforms) = preSolution
		Debug|Any CPU = Debug|Any CPU
		Release|Any CPU = Release|Any CPU
	EndGlobalSection
	GlobalSection(ProjectConfigurationPlatforms) = postSolution
		{42FF9C3B-161B-ECE4-5690-8F2C9561EFB1}.Debug|Any CPU.ActiveCfg = Debug|Any CPU
		{42FF9C3B-161B-ECE4-5690-8F2C9561EFB1}.Debug|Any CPU.Build.0 = Debug|Any CPU
		{42FF9C3B-161B-ECE4-5690-8F2C9561EFB1}.Release|Any CPU.ActiveCfg = Release|Any CPU
		{42FF9C3B-161B-ECE4-5690-8F2C9561EFB1}.Release|Any CPU.Build.0 = Release|Any CPU
	EndGlobalSection
	GlobalSection(SolutionProperties) = preSolution
		HideSolutionNode = FALSE
	EndGlobalSection
	GlobalSection(MonoDevelopProperties) = preSolution
		StartupItem = Assembly-CSharp.csproj
	EndGlobalSection
EndGlobal
